{
  "name": "acs-telemetry-test",
  "version": "1.0.0",
  "lockfileVersion": 1,
  "requires": true,
  "dependencies": {
    "@azure/abort-controller": {
      "version": "1.0.4",
      "resolved": "https://registry.npmjs.org/@azure/abort-controller/-/abort-controller-1.0.4.tgz",
      "integrity": "sha512-lNUmDRVGpanCsiUN3NWxFTdwmdFI53xwhkTFfHDGTYk46ca7Ind3nanJc+U6Zj9Tv+9nTCWRBscWEW1DyKOpTw==",
      "requires": {
        "tslib": "^2.0.0"
      }
    },
    "@azure/communication-common": {
      "version": "1.0.0",
      "resolved": "https://registry.npmjs.org/@azure/communication-common/-/communication-common-1.0.0.tgz",
      "integrity": "sha512-kBWnamOow0COBPHkkUKaQl4wVMlkOpTDFmvRRW+JN3+JIM9ca1l1wdZA3Q6XfpYdpqoI+tVICr3+3SxyF7ulxw==",
      "requires": {
        "@azure/abort-controller": "^1.0.0",
        "@azure/core-auth": "^1.2.0",
        "@azure/core-http": "^1.2.0",
        "@opentelemetry/api": "^0.10.2",
        "events": "^3.0.0",
        "jwt-decode": "~2.2.0",
        "tslib": "^2.0.0"
      },
      "dependencies": {
        "@opentelemetry/api": {
          "version": "0.10.2",
          "resolved": "https://registry.npmjs.org/@opentelemetry/api/-/api-0.10.2.tgz",
          "integrity": "sha512-GtpMGd6vkzDMYcpu2t9LlhEgMy/SzBwRnz48EejlRArYqZzqSzAsKmegUK7zHgl+EOIaK9mKHhnRaQu3qw20cA==",
          "requires": {
            "@opentelemetry/context-base": "^0.10.2"
          }
        }
      }
    },
    "@azure/communication-identity": {
      "version": "1.0.0",
      "resolved": "https://registry.npmjs.org/@azure/communication-identity/-/communication-identity-1.0.0.tgz",
      "integrity": "sha512-fa220+fQn27JN8QtajeMe88rqrJn3qctT/8FV/abJe6tSBJlAWYXOHiIF3nCgSeyIb5F9pi7Fycd9M55OY4O9w==",
      "requires": {
        "@azure/abort-controller": "^1.0.0",
        "@azure/communication-common": "^1.0.0",
        "@azure/core-auth": "^1.2.0",
        "@azure/core-http": "^1.2.0",
        "@azure/core-lro": "^1.0.2",
        "@azure/core-paging": "^1.1.1",
        "@azure/core-tracing": "1.0.0-preview.10",
        "@azure/logger": "^1.0.0",
        "@opentelemetry/api": "^0.10.2",
        "events": "^3.0.0",
        "tslib": "^2.0.0"
      },
      "dependencies": {
        "@azure/core-tracing": {
          "version": "1.0.0-preview.10",
          "resolved": "https://registry.npmjs.org/@azure/core-tracing/-/core-tracing-1.0.0-preview.10.tgz",
          "integrity": "sha512-iIwjtMwQnsxB7cYkugMx+s4W1nfy3+pT/ceo+uW1fv4YDgYe84nh+QP0fEC9IH/3UATLSWbIBemdMHzk2APUrw==",
          "requires": {
            "@opencensus/web-types": "0.0.7",
            "@opentelemetry/api": "^0.10.2",
            "tslib": "^2.0.0"
          }
        },
        "@opentelemetry/api": {
          "version": "0.10.2",
          "resolved": "https://registry.npmjs.org/@opentelemetry/api/-/api-0.10.2.tgz",
          "integrity": "sha512-GtpMGd6vkzDMYcpu2t9LlhEgMy/SzBwRnz48EejlRArYqZzqSzAsKmegUK7zHgl+EOIaK9mKHhnRaQu3qw20cA==",
          "requires": {
            "@opentelemetry/context-base": "^0.10.2"
          }
        }
      }
    },
    "@azure/communication-phone-numbers": {
      "version": "1.0.0",
      "resolved": "https://registry.npmjs.org/@azure/communication-phone-numbers/-/communication-phone-numbers-1.0.0.tgz",
      "integrity": "sha512-oacERvq3X3Lbl6hQiwEoqBW+L8Al184WuwFykR6Y4cA++WkiU/6qnGX8fjYhbn6/Ga658U1OlZ6qZ7hrPpjDlg==",
      "requires": {
        "@azure/abort-controller": "^1.0.0",
        "@azure/communication-common": "^1.0.0",
        "@azure/core-auth": "^1.3.0",
        "@azure/core-http": "^1.2.0",
        "@azure/core-lro": "^1.0.2",
        "@azure/core-paging": "^1.1.1",
        "@azure/core-tracing": "1.0.0-preview.11",
        "@azure/logger": "^1.0.0",
        "events": "^3.0.0",
        "tslib": "^2.0.0"
      }
    },
    "@azure/communication-sms": {
      "version": "1.0.0",
      "resolved": "https://registry.npmjs.org/@azure/communication-sms/-/communication-sms-1.0.0.tgz",
      "integrity": "sha512-TEIzbVZLAilVhP3kfeSSnb0l6ZCy0tU43zIMGN55yGyv78jat3utj7uggpXLCym9tWKYJAVZHOCGDvljioatOw==",
      "requires": {
        "@azure/abort-controller": "^1.0.0",
        "@azure/communication-common": "^1.0.0",
        "@azure/core-auth": "^1.2.0",
        "@azure/core-http": "^1.2.0",
        "@azure/core-tracing": "1.0.0-preview.10",
        "@azure/logger": "^1.0.0",
        "@opentelemetry/api": "^0.10.2",
        "events": "^3.0.0",
        "tslib": "^2.0.0"
      },
      "dependencies": {
        "@azure/core-tracing": {
          "version": "1.0.0-preview.10",
          "resolved": "https://registry.npmjs.org/@azure/core-tracing/-/core-tracing-1.0.0-preview.10.tgz",
          "integrity": "sha512-iIwjtMwQnsxB7cYkugMx+s4W1nfy3+pT/ceo+uW1fv4YDgYe84nh+QP0fEC9IH/3UATLSWbIBemdMHzk2APUrw==",
          "requires": {
            "@opencensus/web-types": "0.0.7",
            "@opentelemetry/api": "^0.10.2",
            "tslib": "^2.0.0"
          }
        },
        "@opentelemetry/api": {
          "version": "0.10.2",
          "resolved": "https://registry.npmjs.org/@opentelemetry/api/-/api-0.10.2.tgz",
          "integrity": "sha512-GtpMGd6vkzDMYcpu2t9LlhEgMy/SzBwRnz48EejlRArYqZzqSzAsKmegUK7zHgl+EOIaK9mKHhnRaQu3qw20cA==",
          "requires": {
            "@opentelemetry/context-base": "^0.10.2"
          }
        }
      }
    },
    "@azure/core-asynciterator-polyfill": {
      "version": "1.0.0",
      "resolved": "https://registry.npmjs.org/@azure/core-asynciterator-polyfill/-/core-asynciterator-polyfill-1.0.0.tgz",
      "integrity": "sha512-kmv8CGrPfN9SwMwrkiBK9VTQYxdFQEGe0BmQk+M8io56P9KNzpAxcWE/1fxJj7uouwN4kXF0BHW8DNlgx+wtCg=="
    },
    "@azure/core-auth": {
      "version": "1.3.0",
      "resolved": "https://registry.npmjs.org/@azure/core-auth/-/core-auth-1.3.0.tgz",
      "integrity": "sha512-kSDSZBL6c0CYdhb+7KuutnKGf2geeT+bCJAgccB0DD7wmNJSsQPcF7TcuoZX83B7VK4tLz/u+8sOO/CnCsYp8A==",
      "requires": {
        "@azure/abort-controller": "^1.0.0",
        "tslib": "^2.0.0"
      }
    },
    "@azure/core-http": {
      "version": "1.2.4",
      "resolved": "https://registry.npmjs.org/@azure/core-http/-/core-http-1.2.4.tgz",
      "integrity": "sha512-cNumz3ckyFZY5zWOgcTHSO7AKRVwxbodG8WfcEGcdH+ZJL3KvJEI/vN58H6xk5v3ijulU2x/WPGJqrMVvcI79A==",
      "requires": {
        "@azure/abort-controller": "^1.0.0",
        "@azure/core-asynciterator-polyfill": "^1.0.0",
        "@azure/core-auth": "^1.3.0",
        "@azure/core-tracing": "1.0.0-preview.11",
        "@azure/logger": "^1.0.0",
        "@types/node-fetch": "^2.5.0",
        "@types/tunnel": "^0.0.1",
        "form-data": "^3.0.0",
        "node-fetch": "^2.6.0",
        "process": "^0.11.10",
        "tough-cookie": "^4.0.0",
        "tslib": "^2.0.0",
        "tunnel": "^0.0.6",
        "uuid": "^8.3.0",
        "xml2js": "^0.4.19"
      }
    },
    "@azure/core-lro": {
      "version": "1.0.5",
      "resolved": "https://registry.npmjs.org/@azure/core-lro/-/core-lro-1.0.5.tgz",
      "integrity": "sha512-0EFCFZxARrIoLWMIRt4vuqconRVIO2Iin7nFBfJiYCCbKp5eEmxutNk8uqudPmG0XFl5YqlVh68/al/vbE5OOg==",
      "requires": {
        "@azure/abort-controller": "^1.0.0",
        "@azure/core-http": "^1.2.0",
        "@azure/core-tracing": "1.0.0-preview.11",
        "events": "^3.0.0",
        "tslib": "^2.0.0"
      }
    },
    "@azure/core-paging": {
      "version": "1.1.3",
      "resolved": "https://registry.npmjs.org/@azure/core-paging/-/core-paging-1.1.3.tgz",
      "integrity": "sha512-his7Ah40ThEYORSpIAwuh6B8wkGwO/zG7gqVtmSE4WAJ46e36zUDXTKReUCLBDc6HmjjApQQxxcRFy5FruG79A==",
      "requires": {
        "@azure/core-asynciterator-polyfill": "^1.0.0"
      }
    },
    "@azure/core-tracing": {
      "version": "1.0.0-preview.11",
      "resolved": "https://registry.npmjs.org/@azure/core-tracing/-/core-tracing-1.0.0-preview.11.tgz",
      "integrity": "sha512-frF0pJc9HTmKncVokhBxCqipjbql02DThQ1ZJ9wLi7SDMLdPAFyDI5xZNzX5guLz+/DtPkY+SGK2li9FIXqshQ==",
      "requires": {
        "@opencensus/web-types": "0.0.7",
        "@opentelemetry/api": "1.0.0-rc.0",
        "tslib": "^2.0.0"
      }
    },
    "@azure/logger": {
      "version": "1.0.2",
      "resolved": "https://registry.npmjs.org/@azure/logger/-/logger-1.0.2.tgz",
      "integrity": "sha512-YZNjNV0vL3nN2nedmcjQBcpCTo3oqceXmgiQtEm6fLpucjRZyQKAQruhCmCpRlB1iykqKJJ/Y8CDmT5rIE6IJw==",
      "requires": {
        "tslib": "^2.0.0"
      }
    },
    "@azure/monitor-opentelemetry-exporter": {
      "version": "1.0.0-beta.3",
      "resolved": "https://registry.npmjs.org/@azure/monitor-opentelemetry-exporter/-/monitor-opentelemetry-exporter-1.0.0-beta.3.tgz",
      "integrity": "sha512-nK1mUg+fdA3CxuS9IJsnp8SdVC61H8cTUvjbMCbMsOw+IBQbza5Z9ZKbw6KWKlVPsOzJBfBvlFBoW8cinP5YJA==",
      "requires": {
        "@azure/core-http": "^1.2.0",
        "@opentelemetry/api": "^0.16.0",
        "@opentelemetry/core": "^0.16.0",
        "@opentelemetry/resources": "^0.16.0",
        "@opentelemetry/semantic-conventions": "^0.16.0",
        "@opentelemetry/tracing": "^0.16.0",
        "tslib": "^2.0.0"
      },
      "dependencies": {
        "@opentelemetry/api": {
          "version": "0.16.0",
          "resolved": "https://registry.npmjs.org/@opentelemetry/api/-/api-0.16.0.tgz",
          "integrity": "sha512-y5mNFAiktm7Zyf0GrQ6kjsRqace/WCXk9gMo/sOOna4TtMW8NaZgJceKrsQZl3qiPY9Upu8O9VvdlETXDx4U5A==",
          "requires": {
            "@opentelemetry/context-base": "^0.16.0"
          }
        },
        "@opentelemetry/context-base": {
          "version": "0.16.0",
          "resolved": "https://registry.npmjs.org/@opentelemetry/context-base/-/context-base-0.16.0.tgz",
          "integrity": "sha512-2h2s+3P40wIu8ZaJiqBF6E0rEJPeSVOErFlkx2MfRGPs9Vs9Th+i5YSpgvCW4s5LeYTFAf2BRwut39JivEyH9w=="
        }
      }
    },
    "@opencensus/web-types": {
      "version": "0.0.7",
      "resolved": "https://registry.npmjs.org/@opencensus/web-types/-/web-types-0.0.7.tgz",
      "integrity": "sha512-xB+w7ZDAu3YBzqH44rCmG9/RlrOmFuDPt/bpf17eJr8eZSrLt7nc7LnWdxM9Mmoj/YKMHpxRg28txu3TcpiL+g=="
    },
    "@opentelemetry/api": {
      "version": "1.0.0-rc.0",
      "resolved": "https://registry.npmjs.org/@opentelemetry/api/-/api-1.0.0-rc.0.tgz",
      "integrity": "sha512-iXKByCMfrlO5S6Oh97BuM56tM2cIBB0XsL/vWF/AtJrJEKx4MC/Xdu0xDsGXMGcNWpqF7ujMsjjnp0+UHBwnDQ=="
    },
    "@opentelemetry/context-async-hooks": {
      "version": "0.14.0",
      "resolved": "https://registry.npmjs.org/@opentelemetry/context-async-hooks/-/context-async-hooks-0.14.0.tgz",
      "integrity": "sha512-BgAPWbmelvL/xhI0B17aidyw24E1D69PlKjDZD1L5AI050Glg1+pa6W0jMSoZltnM27Bc+Pc9n22fqxa4kvLRg==",
      "requires": {
        "@opentelemetry/context-base": "^0.14.0"
      },
      "dependencies": {
        "@opentelemetry/context-base": {
          "version": "0.14.0",
          "resolved": "https://registry.npmjs.org/@opentelemetry/context-base/-/context-base-0.14.0.tgz",
          "integrity": "sha512-sDOAZcYwynHFTbLo6n8kIbLiVF3a3BLkrmehJUyEbT9F+Smbi47kLGS2gG2g0fjBLR/Lr1InPD7kXL7FaTqEkw=="
        }
      }
    },
    "@opentelemetry/context-base": {
      "version": "0.10.2",
      "resolved": "https://registry.npmjs.org/@opentelemetry/context-base/-/context-base-0.10.2.tgz",
      "integrity": "sha512-hZNKjKOYsckoOEgBziGMnBcX0M7EtstnCmwz5jZUOUYwlZ+/xxX6z3jPu1XVO2Jivk0eLfuP9GP+vFD49CMetw=="
    },
    "@opentelemetry/core": {
      "version": "0.16.0",
      "resolved": "https://registry.npmjs.org/@opentelemetry/core/-/core-0.16.0.tgz",
      "integrity": "sha512-NFZwEW5TeFIAUlNty9al0KU9AQzpEiBowem/33d3ftxYHZ7dG1JklFnyKLTVb+pAZFm/peTziVddfHoTsIY4Rg==",
      "requires": {
        "@opentelemetry/api": "^0.16.0",
        "@opentelemetry/context-base": "^0.16.0",
        "semver": "^7.1.3"
      },
      "dependencies": {
        "@opentelemetry/api": {
          "version": "0.16.0",
          "resolved": "https://registry.npmjs.org/@opentelemetry/api/-/api-0.16.0.tgz",
          "integrity": "sha512-y5mNFAiktm7Zyf0GrQ6kjsRqace/WCXk9gMo/sOOna4TtMW8NaZgJceKrsQZl3qiPY9Upu8O9VvdlETXDx4U5A==",
          "requires": {
            "@opentelemetry/context-base": "^0.16.0"
          }
        },
        "@opentelemetry/context-base": {
          "version": "0.16.0",
          "resolved": "https://registry.npmjs.org/@opentelemetry/context-base/-/context-base-0.16.0.tgz",
          "integrity": "sha512-2h2s+3P40wIu8ZaJiqBF6E0rEJPeSVOErFlkx2MfRGPs9Vs9Th+i5YSpgvCW4s5LeYTFAf2BRwut39JivEyH9w=="
        }
      }
    },
    "@opentelemetry/node": {
      "version": "0.14.0",
      "resolved": "https://registry.npmjs.org/@opentelemetry/node/-/node-0.14.0.tgz",
      "integrity": "sha512-79egldZKRIqXArjLHD8SYTJUfY5PrcFZll4+ykfbz23vy/CXEVev+1S8bS8bkE08DUNzskDuiFYlLdWTY8fdrQ==",
      "requires": {
        "@opentelemetry/api": "^0.14.0",
        "@opentelemetry/context-async-hooks": "^0.14.0",
        "@opentelemetry/core": "^0.14.0",
        "@opentelemetry/tracing": "^0.14.0",
        "require-in-the-middle": "^5.0.0",
        "semver": "^7.1.3"
      },
      "dependencies": {
        "@opentelemetry/api": {
          "version": "0.14.0",
          "resolved": "https://registry.npmjs.org/@opentelemetry/api/-/api-0.14.0.tgz",
          "integrity": "sha512-L7RMuZr5LzMmZiQSQDy9O1jo0q+DaLy6XpYJfIGfYSfoJA5qzYwUP3sP1uMIQ549DvxAgM3ng85EaPTM/hUHwQ==",
          "requires": {
            "@opentelemetry/context-base": "^0.14.0"
          }
        },
        "@opentelemetry/context-base": {
          "version": "0.14.0",
          "resolved": "https://registry.npmjs.org/@opentelemetry/context-base/-/context-base-0.14.0.tgz",
          "integrity": "sha512-sDOAZcYwynHFTbLo6n8kIbLiVF3a3BLkrmehJUyEbT9F+Smbi47kLGS2gG2g0fjBLR/Lr1InPD7kXL7FaTqEkw=="
        },
        "@opentelemetry/core": {
          "version": "0.14.0",
          "resolved": "https://registry.npmjs.org/@opentelemetry/core/-/core-0.14.0.tgz",
          "integrity": "sha512-HJ4VM0cV6c5qjdW7C7koB2IT4ADunCOehxnKFRslQkbDqAEA1w42AZ9679siYALpWYxNqcJyqF2jxCNtfNHa6Q==",
          "requires": {
            "@opentelemetry/api": "^0.14.0",
            "@opentelemetry/context-base": "^0.14.0",
            "semver": "^7.1.3"
          }
        },
        "@opentelemetry/resources": {
          "version": "0.14.0",
          "resolved": "https://registry.npmjs.org/@opentelemetry/resources/-/resources-0.14.0.tgz",
          "integrity": "sha512-7XVML4HxvoH6kWY+x0mhMc5m0a2YBvPCTSX7yAqyp9XIGvFpdjzAE2ggJ40DZrL1sPv9f0QYAbnIKFDVLBTfGA==",
          "requires": {
            "@opentelemetry/api": "^0.14.0",
            "@opentelemetry/core": "^0.14.0"
          }
        },
        "@opentelemetry/semantic-conventions": {
          "version": "0.14.0",
          "resolved": "https://registry.npmjs.org/@opentelemetry/semantic-conventions/-/semantic-conventions-0.14.0.tgz",
          "integrity": "sha512-iDGRLQwo+ka1ljlLo4KyuUmzsJwtPw+PyCjetQwn3m/pTXjdyWLGOTARBrpQGpkQp7k87RaCCg5AqZaKFU2G6g=="
        },
        "@opentelemetry/tracing": {
          "version": "0.14.0",
          "resolved": "https://registry.npmjs.org/@opentelemetry/tracing/-/tracing-0.14.0.tgz",
          "integrity": "sha512-sw9lXJQUQO0xaCvHWFUzIhgh2jGFgXubRQ6g1O84Q/ILU93ZMMVt+d97mihcrtBrV89Sy39HF8tAwekjpzv+cA==",
          "requires": {
            "@opentelemetry/api": "^0.14.0",
            "@opentelemetry/context-base": "^0.14.0",
            "@opentelemetry/core": "^0.14.0",
            "@opentelemetry/resources": "^0.14.0",
            "@opentelemetry/semantic-conventions": "^0.14.0"
          }
        }
      }
    },
    "@opentelemetry/plugin-grpc": {
      "version": "0.18.2",
      "resolved": "https://registry.npmjs.org/@opentelemetry/plugin-grpc/-/plugin-grpc-0.18.2.tgz",
      "integrity": "sha512-fyw/MAsDlMyhVMr6FzmmBrqssRI/yM2Ofil2y/qi4pDgwCtBrnEjPIr5/tpOG4eQNjFxDkWgpFyQIdekPQM4zA==",
      "requires": {
        "@opentelemetry/api": "^0.18.1",
        "@opentelemetry/core": "^0.18.2",
        "@opentelemetry/semantic-conventions": "^0.18.2",
        "shimmer": "^1.2.1"
      },
      "dependencies": {
        "@opentelemetry/api": {
          "version": "0.18.1",
          "resolved": "https://registry.npmjs.org/@opentelemetry/api/-/api-0.18.1.tgz",
          "integrity": "sha512-pKNxHe3AJ5T2N5G3AlT9gx6FyF5K2FS9ZNc+FipC+f1CpVF/EY+JHTJ749dnM2kWIgZTbDJFiGMuc0FYjNSCOg=="
        },
        "@opentelemetry/core": {
          "version": "0.18.2",
          "resolved": "https://registry.npmjs.org/@opentelemetry/core/-/core-0.18.2.tgz",
          "integrity": "sha512-WG8veOEd8xZHuBaOHddzWQg5yj794lrEPAe6W1qI0YkV7pyqYXvhJdCxOU5Lyo1SWzTAjI5xrCUQ9J2WlrqzYA==",
          "requires": {
            "@opentelemetry/api": "^0.18.1",
            "semver": "^7.1.3"
          }
        },
        "@opentelemetry/semantic-conventions": {
          "version": "0.18.2",
          "resolved": "https://registry.npmjs.org/@opentelemetry/semantic-conventions/-/semantic-conventions-0.18.2.tgz",
          "integrity": "sha512-+0P+PrP9qSFVaayNdek4P1OAGE+PEl2SsufuHDRmUpOY25Wzjo7Atyar56Trjc32jkNy4lID6ZFT6BahsR9P9A=="
        }
      }
    },
    "@opentelemetry/plugin-grpc-js": {
      "version": "0.18.2",
      "resolved": "https://registry.npmjs.org/@opentelemetry/plugin-grpc-js/-/plugin-grpc-js-0.18.2.tgz",
      "integrity": "sha512-XNIbIs1IEvQu8nQTuRBCgJ5Tic/23/y2FD/vy7x3ebb7TYbyeemAculZ39cSVfiXDlQzZeUscaDtYSLFcNN8Fg==",
      "requires": {
        "@opentelemetry/api": "^0.18.1",
        "@opentelemetry/core": "^0.18.2",
        "@opentelemetry/semantic-conventions": "^0.18.2",
        "shimmer": "1.2.1"
      },
      "dependencies": {
        "@opentelemetry/api": {
          "version": "0.18.1",
          "resolved": "https://registry.npmjs.org/@opentelemetry/api/-/api-0.18.1.tgz",
          "integrity": "sha512-pKNxHe3AJ5T2N5G3AlT9gx6FyF5K2FS9ZNc+FipC+f1CpVF/EY+JHTJ749dnM2kWIgZTbDJFiGMuc0FYjNSCOg=="
        },
        "@opentelemetry/core": {
          "version": "0.18.2",
          "resolved": "https://registry.npmjs.org/@opentelemetry/core/-/core-0.18.2.tgz",
          "integrity": "sha512-WG8veOEd8xZHuBaOHddzWQg5yj794lrEPAe6W1qI0YkV7pyqYXvhJdCxOU5Lyo1SWzTAjI5xrCUQ9J2WlrqzYA==",
          "requires": {
            "@opentelemetry/api": "^0.18.1",
            "semver": "^7.1.3"
          }
        },
        "@opentelemetry/semantic-conventions": {
          "version": "0.18.2",
          "resolved": "https://registry.npmjs.org/@opentelemetry/semantic-conventions/-/semantic-conventions-0.18.2.tgz",
          "integrity": "sha512-+0P+PrP9qSFVaayNdek4P1OAGE+PEl2SsufuHDRmUpOY25Wzjo7Atyar56Trjc32jkNy4lID6ZFT6BahsR9P9A=="
        }
      }
    },
    "@opentelemetry/plugin-http": {
      "version": "0.18.2",
      "resolved": "https://registry.npmjs.org/@opentelemetry/plugin-http/-/plugin-http-0.18.2.tgz",
      "integrity": "sha512-YxwglRLnKMKvTngm12Kr12tIC+7dMcl+0jpHsUbcCj8hDJoG3MPGtfJsHdFH80TWiZmLbFz0mIlSBwlk2izZJA==",
      "requires": {
        "@opentelemetry/api": "^0.18.1",
        "@opentelemetry/core": "^0.18.2",
        "@opentelemetry/semantic-conventions": "^0.18.2",
        "semver": "^7.1.3",
        "shimmer": "^1.2.1"
      },
      "dependencies": {
        "@opentelemetry/api": {
          "version": "0.18.1",
          "resolved": "https://registry.npmjs.org/@opentelemetry/api/-/api-0.18.1.tgz",
          "integrity": "sha512-pKNxHe3AJ5T2N5G3AlT9gx6FyF5K2FS9ZNc+FipC+f1CpVF/EY+JHTJ749dnM2kWIgZTbDJFiGMuc0FYjNSCOg=="
        },
        "@opentelemetry/core": {
          "version": "0.18.2",
          "resolved": "https://registry.npmjs.org/@opentelemetry/core/-/core-0.18.2.tgz",
          "integrity": "sha512-WG8veOEd8xZHuBaOHddzWQg5yj794lrEPAe6W1qI0YkV7pyqYXvhJdCxOU5Lyo1SWzTAjI5xrCUQ9J2WlrqzYA==",
          "requires": {
            "@opentelemetry/api": "^0.18.1",
            "semver": "^7.1.3"
          }
        },
        "@opentelemetry/semantic-conventions": {
          "version": "0.18.2",
          "resolved": "https://registry.npmjs.org/@opentelemetry/semantic-conventions/-/semantic-conventions-0.18.2.tgz",
          "integrity": "sha512-+0P+PrP9qSFVaayNdek4P1OAGE+PEl2SsufuHDRmUpOY25Wzjo7Atyar56Trjc32jkNy4lID6ZFT6BahsR9P9A=="
        }
      }
    },
    "@opentelemetry/plugin-https": {
      "version": "0.18.2",
      "resolved": "https://registry.npmjs.org/@opentelemetry/plugin-https/-/plugin-https-0.18.2.tgz",
      "integrity": "sha512-U86gevKk8vq3gEgBR8KWSgWeKDbevzHaJ2Q7HloI/fvCy1DqUQoBh3kPCJao4bAahYnGzdiuhbF53ZEubS5Ekg==",
      "requires": {
        "@opentelemetry/api": "^0.18.1",
        "@opentelemetry/core": "^0.18.2",
        "@opentelemetry/plugin-http": "^0.18.2",
        "@opentelemetry/semantic-conventions": "^0.18.2",
        "semver": "^7.1.3",
        "shimmer": "^1.2.1"
      },
      "dependencies": {
        "@opentelemetry/api": {
          "version": "0.18.1",
          "resolved": "https://registry.npmjs.org/@opentelemetry/api/-/api-0.18.1.tgz",
          "integrity": "sha512-pKNxHe3AJ5T2N5G3AlT9gx6FyF5K2FS9ZNc+FipC+f1CpVF/EY+JHTJ749dnM2kWIgZTbDJFiGMuc0FYjNSCOg=="
        },
        "@opentelemetry/core": {
          "version": "0.18.2",
          "resolved": "https://registry.npmjs.org/@opentelemetry/core/-/core-0.18.2.tgz",
          "integrity": "sha512-WG8veOEd8xZHuBaOHddzWQg5yj794lrEPAe6W1qI0YkV7pyqYXvhJdCxOU5Lyo1SWzTAjI5xrCUQ9J2WlrqzYA==",
          "requires": {
            "@opentelemetry/api": "^0.18.1",
            "semver": "^7.1.3"
          }
        },
        "@opentelemetry/semantic-conventions": {
          "version": "0.18.2",
          "resolved": "https://registry.npmjs.org/@opentelemetry/semantic-conventions/-/semantic-conventions-0.18.2.tgz",
          "integrity": "sha512-+0P+PrP9qSFVaayNdek4P1OAGE+PEl2SsufuHDRmUpOY25Wzjo7Atyar56Trjc32jkNy4lID6ZFT6BahsR9P9A=="
        }
      }
    },
    "@opentelemetry/plugins-node-core": {
      "version": "0.18.2",
      "resolved": "https://registry.npmjs.org/@opentelemetry/plugins-node-core/-/plugins-node-core-0.18.2.tgz",
      "integrity": "sha512-fWb/9ngxZiNucgfpc1/4mkumYryVKh0dfbJzGDwd3T7VP+2roE9G54JIS3lxZs7d56bxabO8zJANxlGRjdsEnw==",
      "requires": {
        "@opentelemetry/plugin-grpc": "^0.18.2",
        "@opentelemetry/plugin-grpc-js": "^0.18.2",
        "@opentelemetry/plugin-http": "^0.18.2",
        "@opentelemetry/plugin-https": "^0.18.2"
      }
    },
    "@opentelemetry/resources": {
      "version": "0.16.0",
      "resolved": "https://registry.npmjs.org/@opentelemetry/resources/-/resources-0.16.0.tgz",
      "integrity": "sha512-HOAmcRnZGbEhcddsjqvz3Q/mEg75PyEoH/CZZ3YGqYmwTPimTiusm8iz5nXMxp1UpT8rkzlEGei/E21SQ/Zh9g==",
      "requires": {
        "@opentelemetry/api": "^0.16.0",
        "@opentelemetry/core": "^0.16.0"
      },
      "dependencies": {
        "@opentelemetry/api": {
          "version": "0.16.0",
          "resolved": "https://registry.npmjs.org/@opentelemetry/api/-/api-0.16.0.tgz",
          "integrity": "sha512-y5mNFAiktm7Zyf0GrQ6kjsRqace/WCXk9gMo/sOOna4TtMW8NaZgJceKrsQZl3qiPY9Upu8O9VvdlETXDx4U5A==",
          "requires": {
            "@opentelemetry/context-base": "^0.16.0"
          }
        },
        "@opentelemetry/context-base": {
          "version": "0.16.0",
          "resolved": "https://registry.npmjs.org/@opentelemetry/context-base/-/context-base-0.16.0.tgz",
          "integrity": "sha512-2h2s+3P40wIu8ZaJiqBF6E0rEJPeSVOErFlkx2MfRGPs9Vs9Th+i5YSpgvCW4s5LeYTFAf2BRwut39JivEyH9w=="
        }
      }
    },
    "@opentelemetry/semantic-conventions": {
      "version": "0.16.0",
      "resolved": "https://registry.npmjs.org/@opentelemetry/semantic-conventions/-/semantic-conventions-0.16.0.tgz",
      "integrity": "sha512-RDYLf6lUtikIDTr6yVDehsUAlNb1U680eOV1QuDN0w6FDGubTnjbADlgpF41ByOow1Jp/WGmynFfOh19Ix4NWw=="
    },
    "@opentelemetry/tracing": {
      "version": "0.16.0",
      "resolved": "https://registry.npmjs.org/@opentelemetry/tracing/-/tracing-0.16.0.tgz",
      "integrity": "sha512-8UrNbzO56m8fe9ge+XR0Lruwld+W6SM6aWFQT32YCU8lS+Hzz2P6TbevmgT4DzeKszJxnHqzNnqx8HziNeUjTA==",
      "requires": {
        "@opentelemetry/api": "^0.16.0",
        "@opentelemetry/context-base": "^0.16.0",
        "@opentelemetry/core": "^0.16.0",
        "@opentelemetry/resources": "^0.16.0",
        "@opentelemetry/semantic-conventions": "^0.16.0",
        "lodash.merge": "^4.6.2"
      },
      "dependencies": {
        "@opentelemetry/api": {
          "version": "0.16.0",
          "resolved": "https://registry.npmjs.org/@opentelemetry/api/-/api-0.16.0.tgz",
          "integrity": "sha512-y5mNFAiktm7Zyf0GrQ6kjsRqace/WCXk9gMo/sOOna4TtMW8NaZgJceKrsQZl3qiPY9Upu8O9VvdlETXDx4U5A==",
          "requires": {
            "@opentelemetry/context-base": "^0.16.0"
          }
        },
        "@opentelemetry/context-base": {
          "version": "0.16.0",
          "resolved": "https://registry.npmjs.org/@opentelemetry/context-base/-/context-base-0.16.0.tgz",
          "integrity": "sha512-2h2s+3P40wIu8ZaJiqBF6E0rEJPeSVOErFlkx2MfRGPs9Vs9Th+i5YSpgvCW4s5LeYTFAf2BRwut39JivEyH9w=="
        }
      }
    },
    "@types/node": {
      "version": "15.0.3",
      "resolved": "https://registry.npmjs.org/@types/node/-/node-15.0.3.tgz",
      "integrity": "sha512-/WbxFeBU+0F79z9RdEOXH4CsDga+ibi5M8uEYr91u3CkT/pdWcV8MCook+4wDPnZBexRdwWS+PiVZ2xJviAzcQ=="
    },
    "@types/node-fetch": {
      "version": "2.5.10",
      "resolved": "https://registry.npmjs.org/@types/node-fetch/-/node-fetch-2.5.10.tgz",
      "integrity": "sha512-IpkX0AasN44hgEad0gEF/V6EgR5n69VEqPEgnmoM8GsIGro3PowbWs4tR6IhxUTyPLpOn+fiGG6nrQhcmoCuIQ==",
      "requires": {
        "@types/node": "*",
        "form-data": "^3.0.0"
      }
    },
    "@types/tunnel": {
      "version": "0.0.1",
      "resolved": "https://registry.npmjs.org/@types/tunnel/-/tunnel-0.0.1.tgz",
      "integrity": "sha512-AOqu6bQu5MSWwYvehMXLukFHnupHrpZ8nvgae5Ggie9UwzDR1CCwoXgSSWNZJuyOlCdfdsWMA5F2LlmvyoTv8A==",
      "requires": {
        "@types/node": "*"
      }
    },
    "asynckit": {
      "version": "0.4.0",
      "resolved": "https://registry.npmjs.org/asynckit/-/asynckit-0.4.0.tgz",
      "integrity": "sha1-x57Zf380y48robyXkLzDZkdLS3k="
    },
    "balanced-match": {
      "version": "1.0.0",
      "resolved": "https://registry.npmjs.org/balanced-match/-/balanced-match-1.0.0.tgz",
      "integrity": "sha1-ibTRmasr7kneFk6gK4nORi1xt2c=",
      "dev": true
    },
    "brace-expansion": {
      "version": "1.1.11",
      "resolved": "https://registry.npmjs.org/brace-expansion/-/brace-expansion-1.1.11.tgz",
      "integrity": "sha512-iCuPHDFgrHX7H2vEI/5xpz07zSHB00TpugqhmYtVmMO6518mCuRMoOYFldEBl0g187ufozdaHgWKcYFb61qGiA==",
      "dev": true,
      "requires": {
        "balanced-match": "^1.0.0",
        "concat-map": "0.0.1"
      }
    },
    "combined-stream": {
      "version": "1.0.8",
      "resolved": "https://registry.npmjs.org/combined-stream/-/combined-stream-1.0.8.tgz",
      "integrity": "sha512-FQN4MRfuJeHf7cBbBMJFXhKSDq+2kAArBlmRBvcvFE5BB1HZKXtSFASDhdlz9zOYwxh8lDdnvmMOe/+5cdoEdg==",
      "requires": {
        "delayed-stream": "~1.0.0"
      }
    },
    "concat-map": {
      "version": "0.0.1",
      "resolved": "https://registry.npmjs.org/concat-map/-/concat-map-0.0.1.tgz",
      "integrity": "sha1-2Klr13/Wjfd5OnMDajug1UBdR3s=",
      "dev": true
    },
    "debug": {
      "version": "4.3.1",
      "resolved": "https://registry.npmjs.org/debug/-/debug-4.3.1.tgz",
      "integrity": "sha512-doEwdvm4PCeK4K3RQN2ZC2BYUBaxwLARCqZmMjtF8a51J2Rb0xpVloFRnCODwqjpwnAoao4pelN8l3RJdv3gRQ==",
      "requires": {
        "ms": "2.1.2"
      }
    },
    "delayed-stream": {
      "version": "1.0.0",
      "resolved": "https://registry.npmjs.org/delayed-stream/-/delayed-stream-1.0.0.tgz",
      "integrity": "sha1-3zrhmayt+31ECqrgsp4icrJOxhk="
    },
    "dotenv": {
      "version": "8.2.0",
      "resolved": "https://registry.npmjs.org/dotenv/-/dotenv-8.2.0.tgz",
      "integrity": "sha512-8sJ78ElpbDJBHNeBzUbUVLsqKdccaa/BXF1uPTw3GrvQTBgrQrtObr2mUrE38vzYd8cEv+m/JBfDLioYcfXoaw=="
    },
    "events": {
      "version": "3.3.0",
      "resolved": "https://registry.npmjs.org/events/-/events-3.3.0.tgz",
      "integrity": "sha512-mQw+2fkQbALzQ7V0MY0IqdnXNOeTtP4r0lN9z7AAawCXgqea7bDii20AYrIBrFd/Hx0M2Ocz6S111CaFkUcb0Q=="
    },
    "form-data": {
      "version": "3.0.1",
      "resolved": "https://registry.npmjs.org/form-data/-/form-data-3.0.1.tgz",
      "integrity": "sha512-RHkBKtLWUVwd7SqRIvCZMEvAMoGUp0XU+seQiZejj0COz3RI3hWP4sCv3gZWWLjJTd7rGwcsF5eKZGii0r/hbg==",
      "requires": {
        "asynckit": "^0.4.0",
        "combined-stream": "^1.0.8",
        "mime-types": "^2.1.12"
      }
    },
    "fs.realpath": {
      "version": "1.0.0",
      "resolved": "https://registry.npmjs.org/fs.realpath/-/fs.realpath-1.0.0.tgz",
      "integrity": "sha1-FQStJSMVjKpA20onh8sBQRmU6k8=",
      "dev": true
    },
    "function-bind": {
      "version": "1.1.1",
      "resolved": "https://registry.npmjs.org/function-bind/-/function-bind-1.1.1.tgz",
      "integrity": "sha512-yIovAzMX49sF8Yl58fSCWJ5svSLuaibPxXQJFLmBObTuCr0Mf1KiPopGM9NiFjiYBCbfaa2Fh6breQ6ANVTI0A=="
    },
    "glob": {
      "version": "7.1.6",
      "resolved": "https://registry.npmjs.org/glob/-/glob-7.1.6.tgz",
      "integrity": "sha512-LwaxwyZ72Lk7vZINtNNrywX0ZuLyStrdDtabefZKAY5ZGJhVtgdznluResxNmPitE0SAO+O26sWTHeKSI2wMBA==",
      "dev": true,
      "requires": {
        "fs.realpath": "^1.0.0",
        "inflight": "^1.0.4",
        "inherits": "2",
        "minimatch": "^3.0.4",
        "once": "^1.3.0",
        "path-is-absolute": "^1.0.0"
      }
    },
    "has": {
      "version": "1.0.3",
      "resolved": "https://registry.npmjs.org/has/-/has-1.0.3.tgz",
      "integrity": "sha512-f2dvO0VU6Oej7RkWJGrehjbzMAjFp5/VKPp5tTpWIV4JHHZK1/BxbFRtf/siA2SWTe09caDmVtYYzWEIbBS4zw==",
      "requires": {
        "function-bind": "^1.1.1"
      }
    },
    "inflight": {
      "version": "1.0.6",
      "resolved": "https://registry.npmjs.org/inflight/-/inflight-1.0.6.tgz",
      "integrity": "sha1-Sb1jMdfQLQwJvJEKEHW6gWW1bfk=",
      "dev": true,
      "requires": {
        "once": "^1.3.0",
        "wrappy": "1"
      }
    },
    "inherits": {
      "version": "2.0.4",
      "resolved": "https://registry.npmjs.org/inherits/-/inherits-2.0.4.tgz",
      "integrity": "sha512-k/vGaX4/Yla3WzyMCvTQOXYeIHvqOKtnqBduzTHpzpQZzAskKMhZ2K+EnBiSM9zGSoIFeMpXKxa4dYeZIQqewQ==",
      "dev": true
    },
    "is-core-module": {
      "version": "2.4.0",
      "resolved": "https://registry.npmjs.org/is-core-module/-/is-core-module-2.4.0.tgz",
      "integrity": "sha512-6A2fkfq1rfeQZjxrZJGerpLCTHRNEBiSgnu0+obeJpEPZRUooHgsizvzv0ZjJwOz3iWIHdJtVWJ/tmPr3D21/A==",
      "requires": {
        "has": "^1.0.3"
      }
    },
    "jwt-decode": {
      "version": "2.2.0",
      "resolved": "https://registry.npmjs.org/jwt-decode/-/jwt-decode-2.2.0.tgz",
      "integrity": "sha1-fYa9VmefWM5qhHBKZX3TkruoGnk="
    },
    "lodash.merge": {
      "version": "4.6.2",
      "resolved": "https://registry.npmjs.org/lodash.merge/-/lodash.merge-4.6.2.tgz",
      "integrity": "sha512-0KpjqXRVvrYyCsX1swR/XTK0va6VQkQM6MNo7PqW77ByjAhoARA8EfrP1N4+KlKj8YS0ZUCtRT/YUuhyYDujIQ=="
    },
    "lru-cache": {
      "version": "6.0.0",
      "resolved": "https://registry.npmjs.org/lru-cache/-/lru-cache-6.0.0.tgz",
      "integrity": "sha512-Jo6dJ04CmSjuznwJSS3pUeWmd/H0ffTlkXXgwZi+eq1UCmqQwCh+eLsYOYCwY991i2Fah4h1BEMCx4qThGbsiA==",
      "requires": {
        "yallist": "^4.0.0"
      }
    },
    "mime-db": {
      "version": "1.47.0",
      "resolved": "https://registry.npmjs.org/mime-db/-/mime-db-1.47.0.tgz",
      "integrity": "sha512-QBmA/G2y+IfeS4oktet3qRZ+P5kPhCKRXxXnQEudYqUaEioAU1/Lq2us3D/t1Jfo4hE9REQPrbB7K5sOczJVIw=="
    },
    "mime-types": {
      "version": "2.1.30",
      "resolved": "https://registry.npmjs.org/mime-types/-/mime-types-2.1.30.tgz",
      "integrity": "sha512-crmjA4bLtR8m9qLpHvgxSChT+XoSlZi8J4n/aIdn3z92e/U47Z0V/yl+Wh9W046GgFVAmoNR/fmdbZYcSSIUeg==",
      "requires": {
        "mime-db": "1.47.0"
      }
    },
    "minimatch": {
      "version": "3.0.4",
      "resolved": "https://registry.npmjs.org/minimatch/-/minimatch-3.0.4.tgz",
      "integrity": "sha512-yJHVQEhyqPLUTgt9B83PXu6W3rx4MvvHvSUvToogpwoGDOUQ+yDrR0HRot+yOCdCO7u4hX3pWft6kWBBcqh0UA==",
      "dev": true,
      "requires": {
        "brace-expansion": "^1.1.7"
      }
    },
    "module-details-from-path": {
      "version": "1.0.3",
      "resolved": "https://registry.npmjs.org/module-details-from-path/-/module-details-from-path-1.0.3.tgz",
      "integrity": "sha1-EUyUlnPiqKNenTV4hSeqN7Z52is="
    },
    "ms": {
      "version": "2.1.2",
      "resolved": "https://registry.npmjs.org/ms/-/ms-2.1.2.tgz",
      "integrity": "sha512-sGkPx+VjMtmA6MX27oA4FBFELFCZZ4S4XqeGOXCv68tT+jb3vk/RyaKWP0PTKyWtmLSM0b+adUTEvbs1PEaH2w=="
    },
    "node-fetch": {
      "version": "2.6.1",
      "resolved": "https://registry.npmjs.org/node-fetch/-/node-fetch-2.6.1.tgz",
      "integrity": "sha512-V4aYg89jEoVRxRb2fJdAg8FHvI7cEyYdVAh94HH0UIK8oJxUfkjlDQN9RbMx+bEjP7+ggMiFRprSti032Oipxw=="
    },
    "once": {
      "version": "1.4.0",
      "resolved": "https://registry.npmjs.org/once/-/once-1.4.0.tgz",
      "integrity": "sha1-WDsap3WWHUsROsF9nFC6753Xa9E=",
      "dev": true,
      "requires": {
        "wrappy": "1"
      }
    },
    "path-is-absolute": {
      "version": "1.0.1",
      "resolved": "https://registry.npmjs.org/path-is-absolute/-/path-is-absolute-1.0.1.tgz",
      "integrity": "sha1-F0uSaHNVNP+8es5r9TpanhtcX18=",
      "dev": true
    },
    "path-parse": {
      "version": "1.0.6",
      "resolved": "https://registry.npmjs.org/path-parse/-/path-parse-1.0.6.tgz",
      "integrity": "sha512-GSmOT2EbHrINBf9SR7CDELwlJ8AENk3Qn7OikK4nFYAu3Ote2+JYNVvkpAEQm3/TLNEJFD/xZJjzyxg3KBWOzw=="
    },
    "process": {
      "version": "0.11.10",
      "resolved": "https://registry.npmjs.org/process/-/process-0.11.10.tgz",
      "integrity": "sha1-czIwDoQBYb2j5podHZGn1LwW8YI="
    },
    "psl": {
      "version": "1.8.0",
      "resolved": "https://registry.npmjs.org/psl/-/psl-1.8.0.tgz",
      "integrity": "sha512-RIdOzyoavK+hA18OGGWDqUTsCLhtA7IcZ/6NCs4fFJaHBDab+pDDmDIByWFRQJq2Cd7r1OoQxBGKOaztq+hjIQ=="
    },
    "punycode": {
      "version": "2.1.1",
      "resolved": "https://registry.npmjs.org/punycode/-/punycode-2.1.1.tgz",
      "integrity": "sha512-XRsRjdf+j5ml+y/6GKHPZbrF/8p2Yga0JPtdqTIY2Xe5ohJPD9saDJJLPvp9+NSBprVvevdXZybnj2cv8OEd0A=="
    },
    "require-in-the-middle": {
      "version": "5.1.0",
      "resolved": "https://registry.npmjs.org/require-in-the-middle/-/require-in-the-middle-5.1.0.tgz",
      "integrity": "sha512-M2rLKVupQfJ5lf9OvqFGIT+9iVLnTmjgbOmpil12hiSQNn5zJTKGPoIisETNjfK+09vP3rpm1zJajmErpr2sEQ==",
      "requires": {
        "debug": "^4.1.1",
        "module-details-from-path": "^1.0.3",
        "resolve": "^1.12.0"
      }
    },
    "resolve": {
      "version": "1.20.0",
      "resolved": "https://registry.npmjs.org/resolve/-/resolve-1.20.0.tgz",
      "integrity": "sha512-wENBPt4ySzg4ybFQW2TT1zMQucPK95HSh/nq2CFTZVOGut2+pQvSsgtda4d26YrYcr067wjbmzOG8byDPBX63A==",
      "requires": {
        "is-core-module": "^2.2.0",
        "path-parse": "^1.0.6"
      }
    },
    "rimraf": {
      "version": "3.0.2",
      "resolved": "https://registry.npmjs.org/rimraf/-/rimraf-3.0.2.tgz",
      "integrity": "sha512-JZkJMZkAGFFPP2YqXZXPbMlMBgsxzE8ILs4lMIX/2o0L9UBw9O/Y3o6wFw/i9YLapcUJWwqbi3kdxIPdC62TIA==",
      "dev": true,
      "requires": {
        "glob": "^7.1.3"
      }
    },
    "sax": {
      "version": "1.2.4",
      "resolved": "https://registry.npmjs.org/sax/-/sax-1.2.4.tgz",
      "integrity": "sha512-NqVDv9TpANUjFm0N8uM5GxL36UgKi9/atZw+x7YFnQ8ckwFGKrl4xX4yWtrey3UJm5nP1kUbnYgLopqWNSRhWw=="
    },
    "semver": {
      "version": "7.3.5",
      "resolved": "https://registry.npmjs.org/semver/-/semver-7.3.5.tgz",
      "integrity": "sha512-PoeGJYh8HK4BTO/a9Tf6ZG3veo/A7ZVsYrSA6J8ny9nb3B1VrpkuN+z9OE5wfE5p6H4LchYZsegiQgbJD94ZFQ==",
      "requires": {
        "lru-cache": "^6.0.0"
      }
    },
    "shimmer": {
      "version": "1.2.1",
      "resolved": "https://registry.npmjs.org/shimmer/-/shimmer-1.2.1.tgz",
      "integrity": "sha512-sQTKC1Re/rM6XyFM6fIAGHRPVGvyXfgzIDvzoq608vM+jeyVD0Tu1E6Np0Kc2zAIFWIj963V2800iF/9LPieQw=="
    },
    "tough-cookie": {
      "version": "4.0.0",
      "resolved": "https://registry.npmjs.org/tough-cookie/-/tough-cookie-4.0.0.tgz",
      "integrity": "sha512-tHdtEpQCMrc1YLrMaqXXcj6AxhYi/xgit6mZu1+EDWUn+qhUf8wMQoFIy9NXuq23zAwtcB0t/MjACGR18pcRbg==",
      "requires": {
        "psl": "^1.1.33",
        "punycode": "^2.1.1",
        "universalify": "^0.1.2"
      }
    },
    "tslib": {
      "version": "2.2.0",
      "resolved": "https://registry.npmjs.org/tslib/-/tslib-2.2.0.tgz",
      "integrity": "sha512-gS9GVHRU+RGn5KQM2rllAlR3dU6m7AcpJKdtH8gFvQiC4Otgk98XnmMU+nZenHt/+VhnBPWwgrJsyrdcw6i23w=="
    },
    "tunnel": {
      "version": "0.0.6",
      "resolved": "https://registry.npmjs.org/tunnel/-/tunnel-0.0.6.tgz",
      "integrity": "sha512-1h/Lnq9yajKY2PEbBadPXj3VxsDDu844OnaAo52UVmIzIvwwtBPIuNvkjuzBlTWpfJyUbG3ez0KSBibQkj4ojg=="
    },
    "universalify": {
      "version": "0.1.2",
      "resolved": "https://registry.npmjs.org/universalify/-/universalify-0.1.2.tgz",
      "integrity": "sha512-rBJeI5CXAlmy1pV+617WB9J63U6XcazHHF2f2dbJix4XzpUF0RS3Zbj0FGIOCAva5P/d/GBOYaACQ1w+0azUkg=="
    },
    "uuid": {
      "version": "8.3.2",
      "resolved": "https://registry.npmjs.org/uuid/-/uuid-8.3.2.tgz",
      "integrity": "sha512-+NYs2QeMWy+GWFOEm9xnn6HCDp0l7QBD7ml8zLUmJ+93Q5NF0NocErnwkTkXVFNiX3/fpC6afS8Dhb/gz7R7eg=="
    },
    "wrappy": {
      "version": "1.0.2",
      "resolved": "https://registry.npmjs.org/wrappy/-/wrappy-1.0.2.tgz",
      "integrity": "sha1-tSQ9jz7BqjXxNkYFvA0QNuMKtp8=",
      "dev": true
    },
    "xml2js": {
      "version": "0.4.23",
      "resolved": "https://registry.npmjs.org/xml2js/-/xml2js-0.4.23.tgz",
      "integrity": "sha512-ySPiMjM0+pLDftHgXY4By0uswI3SPKLDw/i3UXbnO8M/p28zqexCUoPmQFrYD+/1BzhGJSs2i1ERWKJAtiLrug==",
      "requires": {
        "sax": ">=0.6.0",
        "xmlbuilder": "~11.0.0"
      }
    },
    "xmlbuilder": {
      "version": "11.0.1",
      "resolved": "https://registry.npmjs.org/xmlbuilder/-/xmlbuilder-11.0.1.tgz",
      "integrity": "sha512-fDlsI/kFEx7gLvbecc0/ohLG50fugQp8ryHzMTuW9vSa1GJ0XYWKnhsUx7oie3G98+r56aTQIUB4kht42R3JvA=="
    },
    "yallist": {
      "version": "4.0.0",
      "resolved": "https://registry.npmjs.org/yallist/-/yallist-4.0.0.tgz",
      "integrity": "sha512-3wdGidZyq5PB084XLES5TpOSRA3wjXAlIWMhum2kRcv/41Sn2emQ0dycQW4uZXLejwKvg6EsvbdlVL+FYEct7A=="
    }
  }
}
